
Microsoft Visual Studio Solution File, Format Version 12.00
# Visual Studio Version 16
VisualStudioVersion = 16.0.29318.209
MinimumVisualStudioVersion = 10.0.40219.1
Project("{FAE04EC0-301F-11D3-BF4B-00C04F79EFBC}") = "General Scrapper", "General Scrapper\General Scrapper.csproj", "{7797068B-26BB-4AD2-B0A6-778A2A29EA96}"
EndProject
Project("{FAE04EC0-301F-11D3-BF4B-00C04F79EFBC}") = "Scrappers.Common", "Scrappers.Common\Scrappers.Common.csproj", "{FC7240A8-068A-4C43-AE19-89D2CB5AB49E}"
EndProject
Global
	GlobalSection(SolutionConfigurationPlatforms) = preSolution
		Debug|Any CPU = Debug|Any CPU
		Release|Any CPU = Release|Any CPU
	EndGlobalSection
	GlobalSection(ProjectConfigurationPlatforms) = postSolution
		{7797068B-26BB-4AD2-B0A6-778A2A29EA96}.Debug|Any CPU.ActiveCfg = Debug|Any CPU
		{7797068B-26BB-4AD2-B0A6-778A2A29EA96}.Debug|Any CPU.Build.0 = Debug|Any CPU
		{7797068B-26BB-4AD2-B0A6-778A2A29EA96}.Release|Any CPU.ActiveCfg = Release|Any CPU
		{7797068B-26BB-4AD2-B0A6-778A2A29EA96}.Release|Any CPU.Build.0 = Release|Any CPU
		{FC7240A8-068A-4C43-AE19-89D2CB5AB49E}.Debug|Any CPU.ActiveCfg = Debug|Any CPU
		{FC7240A8-068A-4C43-AE19-89D2CB5AB49E}.Debug|Any CPU.Build.0 = Debug|Any CPU
		{FC7240A8-068A-4C43-AE19-89D2CB5AB49E}.Release|Any CPU.ActiveCfg = Release|Any CPU
		{FC7240A8-068A-4C43-AE19-89D2CB5AB49E}.Release|Any CPU.Build.0 = Release|Any CPU
	EndGlobalSection
	GlobalSection(SolutionProperties) = preSolution
		HideSolutionNode = FALSE
	EndGlobalSection
	GlobalSection(ExtensibilityGlobals) = postSolution
		SolutionGuid = {FB417E9B-F99D-4639-95ED-15DF7EE1D57F}
	EndGlobalSection
EndGlobal
